
Microsoft Visual Studio Solution File, Format Version 12.00
# Visual Studio Version 17
VisualStudioVersion = 17.11.35219.272
MinimumVisualStudioVersion = 10.0.40219.1
Project("{FAE04EC0-301F-11D3-BF4B-00C04F79EFBC}") = "ConsoleApp2", "ConsoleApp2.csproj", "{A548C14D-B90D-4D5F-A1AD-AEE309333D8D}"
EndProject
Global
	GlobalSection(SolutionConfigurationPlatforms) = preSolution
		Debug|Any CPU = Debug|Any CPU
		Release|Any CPU = Release|Any CPU
	EndGlobalSection
	GlobalSection(ProjectConfigurationPlatforms) = postSolution
		{A548C14D-B90D-4D5F-A1AD-AEE309333D8D}.Debug|Any CPU.ActiveCfg = Debug|Any CPU
		{A548C14D-B90D-4D5F-A1AD-AEE309333D8D}.Debug|Any CPU.Build.0 = Debug|Any CPU
		{A548C14D-B90D-4D5F-A1AD-AEE309333D8D}.Release|Any CPU.ActiveCfg = Release|Any CPU
		{A548C14D-B90D-4D5F-A1AD-AEE309333D8D}.Release|Any CPU.Build.0 = Release|Any CPU
	EndGlobalSection
	GlobalSection(SolutionProperties) = preSolution
		HideSolutionNode = FALSE
	EndGlobalSection
	GlobalSection(ExtensibilityGlobals) = postSolution
		SolutionGuid = {53540D86-3C68-4AD0-800B-E1A94AC32189}
	EndGlobalSection
EndGlobal
